dependencies:
  espressif/esp_lvgl_port:
    component_hash: 7af35e52be4a7f87ebb92d62689d720ab005a4c7b94c25f110e516136c348ceb
    dependencies:
    - name: idf
      version: '>=4.4'
    - name: lvgl/lvgl
      public: true
      version: '>=8,<10'
    source:
      git: https://github.com/espressif/esp-bsp.git
      path: components/esp_lvgl_port
      type: git
    version: 09f0b14ae8b28b46d5e6a5927b1634009954c247
  hiruna/esp-idf-aw9364:
    component_hash: 4564086e52d5a39b267243f32cf9318b3ff9ae43180634f533b5a970b8812e8c
    dependencies: []
    source:
      git: https://github.com/hiruna/esp-idf-aw9364.git
      path: .
      type: git
    version: 88960d249a5219e4e4a2f0715b9444954b005e93
  idf:
    source:
      type: idf
    version: 5.5.0
  lvgl/lvgl:
    component_hash: b702d642e03e95928046d5c6726558e6444e112420c77efa5fdb6650b0a13c5d
    dependencies: []
    source:
      registry_url: https://components.espressif.com/
      type: service
    version: 9.3.0
direct_dependencies:
- espressif/esp_lvgl_port
- hiruna/esp-idf-aw9364
- idf
- lvgl/lvgl
manifest_hash: fee158669bd2006cc28b76b7fb8e262f1dd3e9b6356c74de78e3c12166b243c7
target: esp32s3
version: 2.0.0
