dependencies:
  espressif/esp_lvgl_port:
    component_hash: e720c95cf0667554a204591bb5fade4655fb2990465557041200fa44b5bc7556
    dependencies:
    - name: idf
      require: private
      version: '>=4.4'
    - name: lvgl/lvgl
      registry_url: https://components.espressif.com
      require: public
      version: '>=8,<10'
    source:
      registry_url: https://components.espressif.com/
      type: service
    version: 2.6.0
  hiruna/esp-idf-aw9364:
    component_hash: 4564086e52d5a39b267243f32cf9318b3ff9ae43180634f533b5a970b8812e8c
    dependencies: []
    source:
      git: https://github.com/hiruna/esp-idf-aw9364.git
      path: .
      type: git
    version: 88960d249a5219e4e4a2f0715b9444954b005e93
  idf:
    source:
      type: idf
    version: 5.5.0
  lvgl/lvgl:
    component_hash: b702d642e03e95928046d5c6726558e6444e112420c77efa5fdb6650b0a13c5d
    dependencies: []
    source:
      registry_url: https://components.espressif.com/
      type: service
    version: 9.3.0
direct_dependencies:
- espressif/esp_lvgl_port
- hiruna/esp-idf-aw9364
- idf
- lvgl/lvgl
manifest_hash: 8c1f36cb82d6beaec53b21cf2a3d96c74600fcab8ad9f048b4c053f391fb3510
target: esp32s3
version: 2.0.0
